
Microsoft Visual Studio Solution File, Format Version 12.00
# Visual Studio Version 17
VisualStudioVersion = 17.5.2.0
MinimumVisualStudioVersion = 10.0.40219.1
Project("{FAE04EC0-301F-11D3-BF4B-00C04F79EFBC}") = "ReviveAllies", "ReviveAllies.csproj", "{350377A8-9A74-C5FC-58F8-BE1DF64458E0}"
EndProject
Project("{2150E333-8FDC-42A3-9474-1A3956D46DE8}") = ".decompiled", ".decompiled", "{EEA1B339-18E3-AB22-865C-BCC5CBEC5B54}"
EndProject
Project("{FAE04EC0-301F-11D3-BF4B-00C04F79EFBC}") = "assembly_valheim", ".decompiled\assembly_valheim\assembly_valheim.csproj", "{5AA817B4-E56B-4DE9-8135-8ACF59E7D5C0}"
EndProject
Project("{FAE04EC0-301F-11D3-BF4B-00C04F79EFBC}") = "Assembly-CSharp", ".decompiled\Assembly-CSharp\Assembly-CSharp.csproj", "{AA98D1F7-D971-4394-895D-32AA7D542364}"
EndProject
Global
	GlobalSection(SolutionConfigurationPlatforms) = preSolution
		Debug|Any CPU = Debug|Any CPU
		Debug|x64 = Debug|x64
		Debug|x86 = Debug|x86
		Release|Any CPU = Release|Any CPU
		Release|x64 = Release|x64
		Release|x86 = Release|x86
	EndGlobalSection
	GlobalSection(ProjectConfigurationPlatforms) = postSolution
		{350377A8-9A74-C5FC-58F8-BE1DF64458E0}.Debug|Any CPU.ActiveCfg = Debug|Any CPU
		{350377A8-9A74-C5FC-58F8-BE1DF64458E0}.Debug|Any CPU.Build.0 = Debug|Any CPU
		{350377A8-9A74-C5FC-58F8-BE1DF64458E0}.Debug|x64.ActiveCfg = Debug|Any CPU
		{350377A8-9A74-C5FC-58F8-BE1DF64458E0}.Debug|x64.Build.0 = Debug|Any CPU
		{350377A8-9A74-C5FC-58F8-BE1DF64458E0}.Debug|x86.ActiveCfg = Debug|Any CPU
		{350377A8-9A74-C5FC-58F8-BE1DF64458E0}.Debug|x86.Build.0 = Debug|Any CPU
		{350377A8-9A74-C5FC-58F8-BE1DF64458E0}.Release|Any CPU.ActiveCfg = Release|Any CPU
		{350377A8-9A74-C5FC-58F8-BE1DF64458E0}.Release|Any CPU.Build.0 = Release|Any CPU
		{350377A8-9A74-C5FC-58F8-BE1DF64458E0}.Release|x64.ActiveCfg = Release|Any CPU
		{350377A8-9A74-C5FC-58F8-BE1DF64458E0}.Release|x64.Build.0 = Release|Any CPU
		{350377A8-9A74-C5FC-58F8-BE1DF64458E0}.Release|x86.ActiveCfg = Release|Any CPU
		{350377A8-9A74-C5FC-58F8-BE1DF64458E0}.Release|x86.Build.0 = Release|Any CPU
		{5AA817B4-E56B-4DE9-8135-8ACF59E7D5C0}.Debug|Any CPU.ActiveCfg = Debug|Any CPU
		{5AA817B4-E56B-4DE9-8135-8ACF59E7D5C0}.Debug|Any CPU.Build.0 = Debug|Any CPU
		{5AA817B4-E56B-4DE9-8135-8ACF59E7D5C0}.Debug|x64.ActiveCfg = Debug|Any CPU
		{5AA817B4-E56B-4DE9-8135-8ACF59E7D5C0}.Debug|x64.Build.0 = Debug|Any CPU
		{5AA817B4-E56B-4DE9-8135-8ACF59E7D5C0}.Debug|x86.ActiveCfg = Debug|Any CPU
		{5AA817B4-E56B-4DE9-8135-8ACF59E7D5C0}.Debug|x86.Build.0 = Debug|Any CPU
		{5AA817B4-E56B-4DE9-8135-8ACF59E7D5C0}.Release|Any CPU.ActiveCfg = Release|Any CPU
		{5AA817B4-E56B-4DE9-8135-8ACF59E7D5C0}.Release|Any CPU.Build.0 = Release|Any CPU
		{5AA817B4-E56B-4DE9-8135-8ACF59E7D5C0}.Release|x64.ActiveCfg = Release|Any CPU
		{5AA817B4-E56B-4DE9-8135-8ACF59E7D5C0}.Release|x64.Build.0 = Release|Any CPU
		{5AA817B4-E56B-4DE9-8135-8ACF59E7D5C0}.Release|x86.ActiveCfg = Release|Any CPU
		{5AA817B4-E56B-4DE9-8135-8ACF59E7D5C0}.Release|x86.Build.0 = Release|Any CPU
		{AA98D1F7-D971-4394-895D-32AA7D542364}.Debug|Any CPU.ActiveCfg = Debug|Any CPU
		{AA98D1F7-D971-4394-895D-32AA7D542364}.Debug|Any CPU.Build.0 = Debug|Any CPU
		{AA98D1F7-D971-4394-895D-32AA7D542364}.Debug|x64.ActiveCfg = Debug|Any CPU
		{AA98D1F7-D971-4394-895D-32AA7D542364}.Debug|x64.Build.0 = Debug|Any CPU
		{AA98D1F7-D971-4394-895D-32AA7D542364}.Debug|x86.ActiveCfg = Debug|Any CPU
		{AA98D1F7-D971-4394-895D-32AA7D542364}.Debug|x86.Build.0 = Debug|Any CPU
		{AA98D1F7-D971-4394-895D-32AA7D542364}.Release|Any CPU.ActiveCfg = Release|Any CPU
		{AA98D1F7-D971-4394-895D-32AA7D542364}.Release|Any CPU.Build.0 = Release|Any CPU
		{AA98D1F7-D971-4394-895D-32AA7D542364}.Release|x64.ActiveCfg = Release|Any CPU
		{AA98D1F7-D971-4394-895D-32AA7D542364}.Release|x64.Build.0 = Release|Any CPU
		{AA98D1F7-D971-4394-895D-32AA7D542364}.Release|x86.ActiveCfg = Release|Any CPU
		{AA98D1F7-D971-4394-895D-32AA7D542364}.Release|x86.Build.0 = Release|Any CPU
	EndGlobalSection
	GlobalSection(SolutionProperties) = preSolution
		HideSolutionNode = FALSE
	EndGlobalSection
	GlobalSection(NestedProjects) = preSolution
		{5AA817B4-E56B-4DE9-8135-8ACF59E7D5C0} = {EEA1B339-18E3-AB22-865C-BCC5CBEC5B54}
		{AA98D1F7-D971-4394-895D-32AA7D542364} = {EEA1B339-18E3-AB22-865C-BCC5CBEC5B54}
	EndGlobalSection
	GlobalSection(ExtensibilityGlobals) = postSolution
		SolutionGuid = {911F1912-0EAE-4311-976B-99930A94713E}
	EndGlobalSection
EndGlobal
